{
  "name": "lighthouse",
  "version": "1.0.0",
  "lockfileVersion": 1,
  "requires": true,
  "dependencies": {
    "lighthouse-ci": {
      "version": "git+https://github.com/ebidel/lighthouse-ci.git#b0e8f0d503ce6cb630d599d3e309d1b804fb5d20",
      "dev": true,
      "requires": {
        "minimist": "1.2.0",
        "node-fetch": "2.3.0"
      }
    },
    "minimist": {
      "version": "1.2.0",
      "resolved": "http://registry.npmjs.org/minimist/-/minimist-1.2.0.tgz",
      "integrity": "sha1-o1AIsg9BOD7sH7kU9M1d95omQoQ=",
      "dev": true
    },
    "node-fetch": {
      "version": "2.3.0",
      "resolved": "https://registry.npmjs.org/node-fetch/-/node-fetch-2.3.0.tgz",
      "integrity": "sha512-MOd8pV3fxENbryESLgVIeaGKrdl+uaYhCSSVkjeOb/31/njTpcis5aWfdqgNlHIrKOLRbMnfPINPOML2CIFeXA==",
      "dev": true
    }
  }
}
